
Microsoft Visual Studio Solution File, Format Version 12.00
# Visual Studio Version 16
VisualStudioVersion = 16.0.31410.357
MinimumVisualStudioVersion = 10.0.40219.1
Project("{2150E333-8FDC-42A3-9474-1A3956D46DE8}") = "Services", "Services", "{A1BACCE4-FFB7-46BC-A637-C9D89746BEF6}"
EndProject
Project("{2150E333-8FDC-42A3-9474-1A3956D46DE8}") = "Catalog", "Catalog", "{7B881B1C-B3CF-4D1B-BD5C-543C9F95F92D}"
EndProject
Project("{9A19103F-16F7-4668-BE54-9A1E7A4F7556}") = "Catalog.API", "Services\Catalog\Catalog.API\Catalog.API.csproj", "{FFA64B80-0747-464C-8F68-792BFC45128C}"
EndProject
Project("{E53339B2-1760-4266-BCC7-CA923CBCF16C}") = "docker-compose", "docker-compose.dcproj", "{00316F60-122F-4674-86D6-96F4E482E73B}"
EndProject
Project("{2150E333-8FDC-42A3-9474-1A3956D46DE8}") = "Basket", "Basket", "{684DEC6E-717C-4A8F-B9BE-129F04030749}"
EndProject
Project("{9A19103F-16F7-4668-BE54-9A1E7A4F7556}") = "Basket.API", "Services\Basket\Basket.API\Basket.API.csproj", "{DB5B8A9B-CD02-48EA-B5E8-3F8E0237A980}"
EndProject
Project("{2150E333-8FDC-42A3-9474-1A3956D46DE8}") = "Discount", "Discount", "{E75AD8BB-C1F7-4CA8-8455-E372D4F9D99B}"
EndProject
Project("{FAE04EC0-301F-11D3-BF4B-00C04F79EFBC}") = "Discount.API", "..\Services\Discount\Discount.API\Discount.API.csproj", "{84C4AFB0-A05B-4C9E-8E0D-694D13AC2C48}"
EndProject
Global
	GlobalSection(SolutionConfigurationPlatforms) = preSolution
		Debug|Any CPU = Debug|Any CPU
		Release|Any CPU = Release|Any CPU
	EndGlobalSection
	GlobalSection(ProjectConfigurationPlatforms) = postSolution
		{FFA64B80-0747-464C-8F68-792BFC45128C}.Debug|Any CPU.ActiveCfg = Debug|Any CPU
		{FFA64B80-0747-464C-8F68-792BFC45128C}.Debug|Any CPU.Build.0 = Debug|Any CPU
		{FFA64B80-0747-464C-8F68-792BFC45128C}.Release|Any CPU.ActiveCfg = Release|Any CPU
		{FFA64B80-0747-464C-8F68-792BFC45128C}.Release|Any CPU.Build.0 = Release|Any CPU
		{00316F60-122F-4674-86D6-96F4E482E73B}.Debug|Any CPU.ActiveCfg = Debug|Any CPU
		{00316F60-122F-4674-86D6-96F4E482E73B}.Debug|Any CPU.Build.0 = Debug|Any CPU
		{00316F60-122F-4674-86D6-96F4E482E73B}.Release|Any CPU.ActiveCfg = Release|Any CPU
		{00316F60-122F-4674-86D6-96F4E482E73B}.Release|Any CPU.Build.0 = Release|Any CPU
		{DB5B8A9B-CD02-48EA-B5E8-3F8E0237A980}.Debug|Any CPU.ActiveCfg = Debug|Any CPU
		{DB5B8A9B-CD02-48EA-B5E8-3F8E0237A980}.Debug|Any CPU.Build.0 = Debug|Any CPU
		{DB5B8A9B-CD02-48EA-B5E8-3F8E0237A980}.Release|Any CPU.ActiveCfg = Release|Any CPU
		{DB5B8A9B-CD02-48EA-B5E8-3F8E0237A980}.Release|Any CPU.Build.0 = Release|Any CPU
		{84C4AFB0-A05B-4C9E-8E0D-694D13AC2C48}.Debug|Any CPU.ActiveCfg = Debug|Any CPU
		{84C4AFB0-A05B-4C9E-8E0D-694D13AC2C48}.Debug|Any CPU.Build.0 = Debug|Any CPU
		{84C4AFB0-A05B-4C9E-8E0D-694D13AC2C48}.Release|Any CPU.ActiveCfg = Release|Any CPU
		{84C4AFB0-A05B-4C9E-8E0D-694D13AC2C48}.Release|Any CPU.Build.0 = Release|Any CPU
	EndGlobalSection
	GlobalSection(SolutionProperties) = preSolution
		HideSolutionNode = FALSE
	EndGlobalSection
	GlobalSection(NestedProjects) = preSolution
		{7B881B1C-B3CF-4D1B-BD5C-543C9F95F92D} = {A1BACCE4-FFB7-46BC-A637-C9D89746BEF6}
		{FFA64B80-0747-464C-8F68-792BFC45128C} = {7B881B1C-B3CF-4D1B-BD5C-543C9F95F92D}
		{684DEC6E-717C-4A8F-B9BE-129F04030749} = {A1BACCE4-FFB7-46BC-A637-C9D89746BEF6}
		{DB5B8A9B-CD02-48EA-B5E8-3F8E0237A980} = {684DEC6E-717C-4A8F-B9BE-129F04030749}
		{E75AD8BB-C1F7-4CA8-8455-E372D4F9D99B} = {A1BACCE4-FFB7-46BC-A637-C9D89746BEF6}
		{84C4AFB0-A05B-4C9E-8E0D-694D13AC2C48} = {E75AD8BB-C1F7-4CA8-8455-E372D4F9D99B}
	EndGlobalSection
	GlobalSection(ExtensibilityGlobals) = postSolution
		SolutionGuid = {8DD8CCF6-65BA-4C84-A35A-0CF5E87CA907}
	EndGlobalSection
EndGlobal
