
Microsoft Visual Studio Solution File, Format Version 12.00
# Visual Studio Version 16
VisualStudioVersion = 16.0.31410.357
MinimumVisualStudioVersion = 10.0.40219.1
Project("{2150E333-8FDC-42A3-9474-1A3956D46DE8}") = "Services", "Services", "{A1BACCE4-FFB7-46BC-A637-C9D89746BEF6}"
EndProject
Project("{2150E333-8FDC-42A3-9474-1A3956D46DE8}") = "Catalog", "Catalog", "{7B881B1C-B3CF-4D1B-BD5C-543C9F95F92D}"
EndProject
Project("{FAE04EC0-301F-11D3-BF4B-00C04F79EFBC}") = "Catalog.API", "Services\Catalog\Catalog.API\Catalog.API.csproj", "{FFA64B80-0747-464C-8F68-792BFC45128C}"
EndProject
Global
	GlobalSection(SolutionConfigurationPlatforms) = preSolution
		Debug|Any CPU = Debug|Any CPU
		Release|Any CPU = Release|Any CPU
	EndGlobalSection
	GlobalSection(ProjectConfigurationPlatforms) = postSolution
		{FFA64B80-0747-464C-8F68-792BFC45128C}.Debug|Any CPU.ActiveCfg = Debug|Any CPU
		{FFA64B80-0747-464C-8F68-792BFC45128C}.Debug|Any CPU.Build.0 = Debug|Any CPU
		{FFA64B80-0747-464C-8F68-792BFC45128C}.Release|Any CPU.ActiveCfg = Release|Any CPU
		{FFA64B80-0747-464C-8F68-792BFC45128C}.Release|Any CPU.Build.0 = Release|Any CPU
	EndGlobalSection
	GlobalSection(SolutionProperties) = preSolution
		HideSolutionNode = FALSE
	EndGlobalSection
	GlobalSection(NestedProjects) = preSolution
		{7B881B1C-B3CF-4D1B-BD5C-543C9F95F92D} = {A1BACCE4-FFB7-46BC-A637-C9D89746BEF6}
		{FFA64B80-0747-464C-8F68-792BFC45128C} = {7B881B1C-B3CF-4D1B-BD5C-543C9F95F92D}
	EndGlobalSection
	GlobalSection(ExtensibilityGlobals) = postSolution
		SolutionGuid = {8DD8CCF6-65BA-4C84-A35A-0CF5E87CA907}
	EndGlobalSection
EndGlobal
